
Microsoft Visual Studio Solution File, Format Version 12.00
# Visual Studio Version 16
VisualStudioVersion = 16.0.29926.136
MinimumVisualStudioVersion = 10.0.40219.1
Project("{FAE04EC0-301F-11D3-BF4B-00C04F79EFBC}") = "KONTROLNAYA_2", "KONTROLNAYA_2\KONTROLNAYA_2.csproj", "{07B1C990-A1A3-48F8-BFB9-808573042EA0}"
EndProject
Global
	GlobalSection(SolutionConfigurationPlatforms) = preSolution
		Debug|Any CPU = Debug|Any CPU
		Release|Any CPU = Release|Any CPU
	EndGlobalSection
	GlobalSection(ProjectConfigurationPlatforms) = postSolution
		{07B1C990-A1A3-48F8-BFB9-808573042EA0}.Debug|Any CPU.ActiveCfg = Debug|Any CPU
		{07B1C990-A1A3-48F8-BFB9-808573042EA0}.Debug|Any CPU.Build.0 = Debug|Any CPU
		{07B1C990-A1A3-48F8-BFB9-808573042EA0}.Release|Any CPU.ActiveCfg = Release|Any CPU
		{07B1C990-A1A3-48F8-BFB9-808573042EA0}.Release|Any CPU.Build.0 = Release|Any CPU
	EndGlobalSection
	GlobalSection(SolutionProperties) = preSolution
		HideSolutionNode = FALSE
	EndGlobalSection
	GlobalSection(ExtensibilityGlobals) = postSolution
		SolutionGuid = {C6AE3253-72C6-42C4-9EB8-DD0C8AE309C3}
	EndGlobalSection
EndGlobal
